{
  "name": "dca-calendar-reader",
  "version": "1.0.0",
  "lockfileVersion": 1,
  "requires": true,
  "dependencies": {
    "alexa-sdk": {
      "version": "1.0.25",
      "resolved": "https://registry.npmjs.intuit.com:443/artifactory/api/npm/npm-intuit/alexa-sdk/-/alexa-sdk-1.0.25.tgz",
      "integrity": "sha1-usOJeSqrogu3vXmerwSev/W9gnM=",
      "requires": {
        "aws-sdk": "^2.4.7",
        "i18next": "^3.4.1",
        "i18next-sprintf-postprocessor": "^0.2.2"
      }
    },
    "ansi-regex": {
      "version": "2.1.1",
      "resolved": "https://registry.npmjs.intuit.com:443/artifactory/api/npm/npm-intuit/ansi-regex/-/ansi-regex-2.1.1.tgz",
      "integrity": "sha1-w7M6te42DYbg5ijwRorn7yfWVN8="
    },
    "ansi-styles": {
      "version": "2.2.1",
      "resolved": "https://registry.npmjs.intuit.com:443/artifactory/api/npm/npm-intuit/ansi-styles/-/ansi-styles-2.2.1.tgz",
      "integrity": "sha1-tDLdM1i2NM914eRmQ2gkBTPB3b4="
    },
    "asn1": {
      "version": "0.2.4",
      "resolved": "https://registry.npmjs.intuit.com:443/artifactory/api/npm/npm-intuit/asn1/-/asn1-0.2.4.tgz",
      "integrity": "sha1-jSR136tVO7M+d7VOWeiAu4ziMTY=",
      "requires": {
        "safer-buffer": "~2.1.0"
      }
    },
    "assert-plus": {
      "version": "0.2.0",
      "resolved": "https://registry.npmjs.intuit.com:443/artifactory/api/npm/npm-intuit/assert-plus/-/assert-plus-0.2.0.tgz",
      "integrity": "sha1-104bh+ev/A24qttwIfP+SBAasjQ="
    },
    "async": {
      "version": "2.6.1",
      "resolved": "https://registry.npmjs.intuit.com:443/artifactory/api/npm/npm-intuit/async/-/async-2.6.1.tgz",
      "integrity": "sha1-skWiPKcZMAROxT+kaqAKPofGphA=",
      "requires": {
        "lodash": "^4.17.10"
      }
    },
    "aws-sdk": {
      "version": "2.327.0",
      "resolved": "https://registry.npmjs.intuit.com:443/artifactory/api/npm/npm-intuit/aws-sdk/-/aws-sdk-2.327.0.tgz",
      "integrity": "sha1-AZL3H3ZBgr0vgaZYUQce1SZRIb0=",
      "requires": {
        "buffer": "4.9.1",
        "events": "1.1.1",
        "ieee754": "1.1.8",
        "jmespath": "0.15.0",
        "querystring": "0.2.0",
        "sax": "1.2.1",
        "url": "0.10.3",
        "uuid": "3.1.0",
        "xml2js": "0.4.19"
      }
    },
    "aws-sign2": {
      "version": "0.6.0",
      "resolved": "https://registry.npmjs.intuit.com:443/artifactory/api/npm/npm-intuit/aws-sign2/-/aws-sign2-0.6.0.tgz",
      "integrity": "sha1-FDQt0428yU0OW4fXY81jYSwOeU8="
    },
    "base64-js": {
      "version": "1.3.0",
      "resolved": "https://registry.npmjs.intuit.com:443/artifactory/api/npm/npm-intuit/base64-js/-/base64-js-1.3.0.tgz",
      "integrity": "sha1-yrHmEY8FEJXli1KBrqjBzSK/wOM="
    },
    "bcrypt-pbkdf": {
      "version": "1.0.2",
      "resolved": "https://registry.npmjs.intuit.com:443/artifactory/api/npm/npm-intuit/bcrypt-pbkdf/-/bcrypt-pbkdf-1.0.2.tgz",
      "integrity": "sha1-pDAdOJtqQ/m2f/PKEaP2Y342Dp4=",
      "optional": true,
      "requires": {
        "tweetnacl": "^0.14.3"
      }
    },
    "bl": {
      "version": "1.0.3",
      "resolved": "https://registry.npmjs.intuit.com:443/artifactory/api/npm/npm-intuit/bl/-/bl-1.0.3.tgz",
      "integrity": "sha1-/FQhoo/UImA2w7OJGmaiW8ZNIm4=",
      "requires": {
        "readable-stream": "~2.0.5"
      }
    },
    "boom": {
      "version": "2.10.1",
      "resolved": "https://registry.npmjs.intuit.com:443/artifactory/api/npm/npm-intuit/boom/-/boom-2.10.1.tgz",
      "integrity": "sha1-OciRjO/1eZ+D+UkqhI9iWt0Mdm8=",
      "requires": {
        "hoek": "2.x.x"
      }
    },
    "buffer": {
      "version": "4.9.1",
      "resolved": "https://registry.npmjs.intuit.com:443/artifactory/api/npm/npm-intuit/buffer/-/buffer-4.9.1.tgz",
      "integrity": "sha1-bRu2AbB6TvztlwlBMgkwJ8lbwpg=",
      "requires": {
        "base64-js": "^1.0.2",
        "ieee754": "^1.1.4",
        "isarray": "^1.0.0"
      }
    },
    "caseless": {
      "version": "0.11.0",
      "resolved": "https://registry.npmjs.intuit.com:443/artifactory/api/npm/npm-intuit/caseless/-/caseless-0.11.0.tgz",
      "integrity": "sha1-cVuW6phBWTzDMGeSP17GDr2k99c="
    },
    "chalk": {
      "version": "1.1.3",
      "resolved": "https://registry.npmjs.intuit.com:443/artifactory/api/npm/npm-intuit/chalk/-/chalk-1.1.3.tgz",
      "integrity": "sha1-qBFcVeSnAv5NFQq9OHKCKn4J/Jg=",
      "requires": {
        "ansi-styles": "^2.2.1",
        "escape-string-regexp": "^1.0.2",
        "has-ansi": "^2.0.0",
        "strip-ansi": "^3.0.0",
        "supports-color": "^2.0.0"
      }
    },
    "combined-stream": {
      "version": "1.0.7",
      "resolved": "https://registry.npmjs.intuit.com:443/artifactory/api/npm/npm-intuit/combined-stream/-/combined-stream-1.0.7.tgz",
      "integrity": "sha1-LR0kMXr7ir6V1tLAsHtXgTU52Cg=",
      "requires": {
        "delayed-stream": "~1.0.0"
      }
    },
    "commander": {
      "version": "2.18.0",
      "resolved": "https://registry.npmjs.intuit.com:443/artifactory/api/npm/npm-intuit/commander/-/commander-2.18.0.tgz",
      "integrity": "sha1-K/Bj3e58eJEXaYGizHmOV1S8aXA="
    },
    "core-util-is": {
      "version": "1.0.2",
      "resolved": "https://registry.npmjs.intuit.com:443/artifactory/api/npm/npm-intuit/core-util-is/-/core-util-is-1.0.2.tgz",
      "integrity": "sha1-tf1UIgqivFq1eqtxQMlAdUUDwac="
    },
    "cryptiles": {
      "version": "2.0.5",
      "resolved": "https://registry.npmjs.intuit.com:443/artifactory/api/npm/npm-intuit/cryptiles/-/cryptiles-2.0.5.tgz",
      "integrity": "sha1-O9/s3GCBR8HGcgL6KR59ylnqo7g=",
      "requires": {
        "boom": "2.x.x"
      }
    },
    "dashdash": {
      "version": "1.14.1",
      "resolved": "https://registry.npmjs.intuit.com:443/artifactory/api/npm/npm-intuit/dashdash/-/dashdash-1.14.1.tgz",
      "integrity": "sha1-hTz6D3y+L+1d4gMmuN1YEDX24vA=",
      "requires": {
        "assert-plus": "^1.0.0"
      },
      "dependencies": {
        "assert-plus": {
          "version": "1.0.0",
          "resolved": "https://registry.npmjs.intuit.com:443/artifactory/api/npm/npm-intuit/assert-plus/-/assert-plus-1.0.0.tgz",
          "integrity": "sha1-8S4PPF13sLHN2RRpQuTpbB5N1SU="
        }
      }
    },
    "delayed-stream": {
      "version": "1.0.0",
      "resolved": "https://registry.npmjs.intuit.com:443/artifactory/api/npm/npm-intuit/delayed-stream/-/delayed-stream-1.0.0.tgz",
      "integrity": "sha1-3zrhmayt+31ECqrgsp4icrJOxhk="
    },
    "ecc-jsbn": {
      "version": "0.1.2",
      "resolved": "https://registry.npmjs.intuit.com:443/artifactory/api/npm/npm-intuit/ecc-jsbn/-/ecc-jsbn-0.1.2.tgz",
      "integrity": "sha1-OoOpBOVDUyh4dMVkt1SThoSamMk=",
      "optional": true,
      "requires": {
        "jsbn": "~0.1.0",
        "safer-buffer": "^2.1.0"
      }
    },
    "escape-string-regexp": {
      "version": "1.0.5",
      "resolved": "https://registry.npmjs.intuit.com:443/artifactory/api/npm/npm-intuit/escape-string-regexp/-/escape-string-regexp-1.0.5.tgz",
      "integrity": "sha1-G2HAViGQqN/2rjuyzwIAyhMLhtQ="
    },
    "events": {
      "version": "1.1.1",
      "resolved": "https://registry.npmjs.intuit.com:443/artifactory/api/npm/npm-intuit/events/-/events-1.1.1.tgz",
      "integrity": "sha1-nr23Y1rQmccNzEwqH1AEKI6L2SQ="
    },
    "extend": {
      "version": "3.0.2",
      "resolved": "https://registry.npmjs.intuit.com:443/artifactory/api/npm/npm-intuit/extend/-/extend-3.0.2.tgz",
      "integrity": "sha1-+LETa0Bx+9jrFAr/hYsQGewpFfo="
    },
    "extsprintf": {
      "version": "1.3.0",
      "resolved": "https://registry.npmjs.intuit.com:443/artifactory/api/npm/npm-intuit/extsprintf/-/extsprintf-1.3.0.tgz",
      "integrity": "sha1-lpGEQOMEGnpBT4xS48V06zw+HgU="
    },
    "forever-agent": {
      "version": "0.6.1",
      "resolved": "https://registry.npmjs.intuit.com:443/artifactory/api/npm/npm-intuit/forever-agent/-/forever-agent-0.6.1.tgz",
      "integrity": "sha1-+8cfDEGt6zf5bFd60e1C2P2sypE="
    },
    "form-data": {
      "version": "1.0.1",
      "resolved": "https://registry.npmjs.intuit.com:443/artifactory/api/npm/npm-intuit/form-data/-/form-data-1.0.1.tgz",
      "integrity": "sha1-rjFduaSQf6BlUCMEpm13M0de43w=",
      "requires": {
        "async": "^2.0.1",
        "combined-stream": "^1.0.5",
        "mime-types": "^2.1.11"
      }
    },
    "generate-function": {
      "version": "2.3.1",
      "resolved": "https://registry.npmjs.intuit.com:443/artifactory/api/npm/npm-intuit/generate-function/-/generate-function-2.3.1.tgz",
      "integrity": "sha1-8GlhdpDBDIaOc7hGV0Z2T5fDR58=",
      "requires": {
        "is-property": "^1.0.2"
      }
    },
    "generate-object-property": {
      "version": "1.2.0",
      "resolved": "https://registry.npmjs.intuit.com:443/artifactory/api/npm/npm-intuit/generate-object-property/-/generate-object-property-1.2.0.tgz",
      "integrity": "sha1-nA4cQDCM6AT0eDYYuTf6iPmdUNA=",
      "requires": {
        "is-property": "^1.0.0"
      }
    },
    "getpass": {
      "version": "0.1.7",
      "resolved": "https://registry.npmjs.intuit.com:443/artifactory/api/npm/npm-intuit/getpass/-/getpass-0.1.7.tgz",
      "integrity": "sha1-Xv+OPmhNVprkyysSgmBOi6YhSfo=",
      "requires": {
        "assert-plus": "^1.0.0"
      },
      "dependencies": {
        "assert-plus": {
          "version": "1.0.0",
          "resolved": "https://registry.npmjs.intuit.com:443/artifactory/api/npm/npm-intuit/assert-plus/-/assert-plus-1.0.0.tgz",
          "integrity": "sha1-8S4PPF13sLHN2RRpQuTpbB5N1SU="
        }
      }
    },
    "har-validator": {
      "version": "2.0.6",
      "resolved": "https://registry.npmjs.intuit.com:443/artifactory/api/npm/npm-intuit/har-validator/-/har-validator-2.0.6.tgz",
      "integrity": "sha1-zcvAgYgmWtEZtqWnyKtw7s+10n0=",
      "requires": {
        "chalk": "^1.1.1",
        "commander": "^2.9.0",
        "is-my-json-valid": "^2.12.4",
        "pinkie-promise": "^2.0.0"
      }
    },
    "has-ansi": {
      "version": "2.0.0",
      "resolved": "https://registry.npmjs.intuit.com:443/artifactory/api/npm/npm-intuit/has-ansi/-/has-ansi-2.0.0.tgz",
      "integrity": "sha1-NPUEnOHs3ysGSa8+8k5F7TVBbZE=",
      "requires": {
        "ansi-regex": "^2.0.0"
      }
    },
    "hawk": {
      "version": "3.1.3",
      "resolved": "https://registry.npmjs.intuit.com:443/artifactory/api/npm/npm-intuit/hawk/-/hawk-3.1.3.tgz",
      "integrity": "sha1-B4REvXwWQLD+VA0sm3PVlnjo4cQ=",
      "requires": {
        "boom": "2.x.x",
        "cryptiles": "2.x.x",
        "hoek": "2.x.x",
        "sntp": "1.x.x"
      }
    },
    "hoek": {
      "version": "2.16.3",
      "resolved": "https://registry.npmjs.intuit.com:443/artifactory/api/npm/npm-intuit/hoek/-/hoek-2.16.3.tgz",
      "integrity": "sha1-ILt0A9POo5jpHcRxCo/xuCdKJe0="
    },
    "http-signature": {
      "version": "1.1.1",
      "resolved": "https://registry.npmjs.intuit.com:443/artifactory/api/npm/npm-intuit/http-signature/-/http-signature-1.1.1.tgz",
      "integrity": "sha1-33LiZwZs0Kxn+3at+OE0qPvPkb8=",
      "requires": {
        "assert-plus": "^0.2.0",
        "jsprim": "^1.2.2",
        "sshpk": "^1.7.0"
      }
    },
    "i18next": {
      "version": "3.5.2",
      "resolved": "https://registry.npmjs.intuit.com:443/artifactory/api/npm/npm-intuit/i18next/-/i18next-3.5.2.tgz",
      "integrity": "sha1-kwOQ1cMYzqpIWLUt0OQOayA/n0E="
    },
    "i18next-sprintf-postprocessor": {
      "version": "0.2.2",
      "resolved": "https://registry.npmjs.intuit.com:443/artifactory/api/npm/npm-intuit/i18next-sprintf-postprocessor/-/i18next-sprintf-postprocessor-0.2.2.tgz",
      "integrity": "sha1-LkCfEENXk4Jpi2otpwzapVHWfqQ="
    },
    "ical": {
      "version": "0.5.0",
      "resolved": "https://registry.npmjs.intuit.com:443/artifactory/api/npm/npm-intuit/ical/-/ical-0.5.0.tgz",
      "integrity": "sha1-caDliqDMMAGdol8pKG4MAzYBsG8=",
      "requires": {
        "request": "2.68.0",
        "rrule": "2.0.0"
      }
    },
    "ieee754": {
      "version": "1.1.8",
      "resolved": "https://registry.npmjs.intuit.com:443/artifactory/api/npm/npm-intuit/ieee754/-/ieee754-1.1.8.tgz",
      "integrity": "sha1-vjPUCsEO8ZJnAfbwii2G+/0a0+Q="
    },
    "inherits": {
      "version": "2.0.3",
      "resolved": "https://registry.npmjs.intuit.com:443/artifactory/api/npm/npm-intuit/inherits/-/inherits-2.0.3.tgz",
      "integrity": "sha1-Yzwsg+PaQqUC9SRmAiSA9CCCYd4="
    },
    "is-my-ip-valid": {
      "version": "1.0.0",
      "resolved": "https://registry.npmjs.intuit.com:443/artifactory/api/npm/npm-intuit/is-my-ip-valid/-/is-my-ip-valid-1.0.0.tgz",
      "integrity": "sha1-ezUbjo7dTTmV1NBmaA5mTZRpaCQ="
    },
    "is-my-json-valid": {
      "version": "2.19.0",
      "resolved": "https://registry.npmjs.intuit.com:443/artifactory/api/npm/npm-intuit/is-my-json-valid/-/is-my-json-valid-2.19.0.tgz",
      "integrity": "sha1-j9bkA2PNBrlj+od9REv7Xt3GIXU=",
      "requires": {
        "generate-function": "^2.0.0",
        "generate-object-property": "^1.1.0",
        "is-my-ip-valid": "^1.0.0",
        "jsonpointer": "^4.0.0",
        "xtend": "^4.0.0"
      }
    },
    "is-property": {
      "version": "1.0.2",
      "resolved": "https://registry.npmjs.intuit.com:443/artifactory/api/npm/npm-intuit/is-property/-/is-property-1.0.2.tgz",
      "integrity": "sha1-V/4cTkhHTt1lsJkR8msc1Ald2oQ="
    },
    "is-typedarray": {
      "version": "1.0.0",
      "resolved": "https://registry.npmjs.intuit.com:443/artifactory/api/npm/npm-intuit/is-typedarray/-/is-typedarray-1.0.0.tgz",
      "integrity": "sha1-5HnICFjfDBsR3dppQPlgEfzaSpo="
    },
    "isarray": {
      "version": "1.0.0",
      "resolved": "https://registry.npmjs.intuit.com:443/artifactory/api/npm/npm-intuit/isarray/-/isarray-1.0.0.tgz",
      "integrity": "sha1-u5NdSFgsuhaMBoNJV6VKPgcSTxE="
    },
    "isstream": {
      "version": "0.1.2",
      "resolved": "https://registry.npmjs.intuit.com:443/artifactory/api/npm/npm-intuit/isstream/-/isstream-0.1.2.tgz",
      "integrity": "sha1-R+Y/evVa+m+S4VAOaQ64uFKcCZo="
    },
    "jmespath": {
      "version": "0.15.0",
      "resolved": "https://registry.npmjs.intuit.com:443/artifactory/api/npm/npm-intuit/jmespath/-/jmespath-0.15.0.tgz",
      "integrity": "sha1-o/Iiqarp+Wb10nx5ZRDigJF2Qhc="
    },
    "jsbn": {
      "version": "0.1.1",
      "resolved": "https://registry.npmjs.intuit.com:443/artifactory/api/npm/npm-intuit/jsbn/-/jsbn-0.1.1.tgz",
      "integrity": "sha1-peZUwuWi3rXyAdls77yoDA7y9RM=",
      "optional": true
    },
    "json-schema": {
      "version": "0.2.3",
      "resolved": "https://registry.npmjs.intuit.com:443/artifactory/api/npm/npm-intuit/json-schema/-/json-schema-0.2.3.tgz",
      "integrity": "sha1-tIDIkuWaLwWVTOcnvT8qTogvnhM="
    },
    "json-stringify-safe": {
      "version": "5.0.1",
      "resolved": "https://registry.npmjs.intuit.com:443/artifactory/api/npm/npm-intuit/json-stringify-safe/-/json-stringify-safe-5.0.1.tgz",
      "integrity": "sha1-Epai1Y/UXxmg9s4B1lcB4sc1tus="
    },
    "jsonpointer": {
      "version": "4.0.1",
      "resolved": "https://registry.npmjs.intuit.com:443/artifactory/api/npm/npm-intuit/jsonpointer/-/jsonpointer-4.0.1.tgz",
      "integrity": "sha1-T9kss04OnbPInIYi7PUfm5eMbLk="
    },
    "jsprim": {
      "version": "1.4.1",
      "resolved": "https://registry.npmjs.intuit.com:443/artifactory/api/npm/npm-intuit/jsprim/-/jsprim-1.4.1.tgz",
      "integrity": "sha1-MT5mvB5cwG5Di8G3SZwuXFastqI=",
      "requires": {
        "assert-plus": "1.0.0",
        "extsprintf": "1.3.0",
        "json-schema": "0.2.3",
        "verror": "1.10.0"
      },
      "dependencies": {
        "assert-plus": {
          "version": "1.0.0",
          "resolved": "https://registry.npmjs.intuit.com:443/artifactory/api/npm/npm-intuit/assert-plus/-/assert-plus-1.0.0.tgz",
          "integrity": "sha1-8S4PPF13sLHN2RRpQuTpbB5N1SU="
        }
      }
    },
    "lodash": {
      "version": "4.17.11",
      "resolved": "https://registry.npmjs.intuit.com:443/artifactory/api/npm/npm-intuit/lodash/-/lodash-4.17.11.tgz",
      "integrity": "sha1-s56mIp72B+zYniyN8SU2iRysm40="
    },
    "mime-db": {
      "version": "1.36.0",
      "resolved": "https://registry.npmjs.intuit.com:443/artifactory/api/npm/npm-intuit/mime-db/-/mime-db-1.36.0.tgz",
      "integrity": "sha1-UCBHjbPH/pOq17vMTc+GnEM2M5c="
    },
    "mime-types": {
      "version": "2.1.20",
      "resolved": "https://registry.npmjs.intuit.com:443/artifactory/api/npm/npm-intuit/mime-types/-/mime-types-2.1.20.tgz",
      "integrity": "sha1-kwy3GdVx6QNzhSD4RwkRVIyizBk=",
      "requires": {
        "mime-db": "~1.36.0"
      }
    },
    "oauth-sign": {
      "version": "0.8.2",
      "resolved": "https://registry.npmjs.intuit.com:443/artifactory/api/npm/npm-intuit/oauth-sign/-/oauth-sign-0.8.2.tgz",
      "integrity": "sha1-Rqarfwrq2N6unsBWV4C31O/rnUM="
    },
    "pinkie": {
      "version": "2.0.4",
      "resolved": "https://registry.npmjs.intuit.com:443/artifactory/api/npm/npm-intuit/pinkie/-/pinkie-2.0.4.tgz",
      "integrity": "sha1-clVrgM+g1IqXToDnckjoDtT3+HA="
    },
    "pinkie-promise": {
      "version": "2.0.1",
      "resolved": "https://registry.npmjs.intuit.com:443/artifactory/api/npm/npm-intuit/pinkie-promise/-/pinkie-promise-2.0.1.tgz",
      "integrity": "sha1-ITXW36ejWMBprJsXh3YogihFD/o=",
      "requires": {
        "pinkie": "^2.0.0"
      }
    },
    "process-nextick-args": {
      "version": "1.0.7",
      "resolved": "https://registry.npmjs.intuit.com:443/artifactory/api/npm/npm-intuit/process-nextick-args/-/process-nextick-args-1.0.7.tgz",
      "integrity": "sha1-FQ4gt1ZZCtP5EJPyWk8q2L/zC6M="
    },
    "punycode": {
      "version": "1.3.2",
      "resolved": "https://registry.npmjs.intuit.com:443/artifactory/api/npm/npm-intuit/punycode/-/punycode-1.3.2.tgz",
      "integrity": "sha1-llOgNvt8HuQjQvIyXM7v6jkmxI0="
    },
    "qs": {
      "version": "6.0.4",
      "resolved": "https://registry.npmjs.intuit.com:443/artifactory/api/npm/npm-intuit/qs/-/qs-6.0.4.tgz",
      "integrity": "sha1-UQGdhHIMk5uCc36EVWp4Izjs6ns="
    },
    "querystring": {
      "version": "0.2.0",
      "resolved": "https://registry.npmjs.intuit.com:443/artifactory/api/npm/npm-intuit/querystring/-/querystring-0.2.0.tgz",
      "integrity": "sha1-sgmEkgO7Jd+CDadW50cAWHhSFiA="
    },
    "readable-stream": {
      "version": "2.0.6",
      "resolved": "https://registry.npmjs.intuit.com:443/artifactory/api/npm/npm-intuit/readable-stream/-/readable-stream-2.0.6.tgz",
      "integrity": "sha1-j5A0HmilPMySh4jaz80Rs265t44=",
      "requires": {
        "core-util-is": "~1.0.0",
        "inherits": "~2.0.1",
        "isarray": "~1.0.0",
        "process-nextick-args": "~1.0.6",
        "string_decoder": "~0.10.x",
        "util-deprecate": "~1.0.1"
      }
    },
    "request": {
      "version": "2.68.0",
      "resolved": "https://registry.npmjs.intuit.com:443/artifactory/api/npm/npm-intuit/request/-/request-2.68.0.tgz",
      "integrity": "sha1-Nf5qXNGEOTpHfJWwclYE2CL7kQU=",
      "requires": {
        "aws-sign2": "~0.6.0",
        "bl": "~1.0.0",
        "caseless": "~0.11.0",
        "combined-stream": "~1.0.5",
        "extend": "~3.0.0",
        "forever-agent": "~0.6.1",
        "form-data": "~1.0.0-rc3",
        "har-validator": "~2.0.6",
        "hawk": "~3.1.0",
        "http-signature": "~1.1.0",
        "is-typedarray": "~1.0.0",
        "isstream": "~0.1.2",
        "json-stringify-safe": "~5.0.1",
        "mime-types": "~2.1.7",
        "node-uuid": "~1.4.7",
        "oauth-sign": "~0.8.0",
        "qs": "~6.0.2",
        "stringstream": "~0.0.4",
        "tough-cookie": "~2.2.0",
        "tunnel-agent": "~0.4.1"
      },
      "dependencies": {
        "node-uuid": {
          "version": "1.4.8",
          "resolved": "https://registry.npmjs.intuit.com:443/artifactory/api/npm/npm-intuit/node-uuid/-/node-uuid-1.4.8.tgz",
          "integrity": "sha1-sEDrCSOWivq/jTL7HxfxFn/auQc="
        }
      }
    },
    "rrule": {
      "version": "2.0.0",
      "resolved": "https://registry.npmjs.intuit.com:443/artifactory/api/npm/npm-intuit/rrule/-/rrule-2.0.0.tgz",
      "integrity": "sha1-xUp1/8iGcd1y/kWVVqa89s8s8m4=",
      "requires": {
        "underscore": ">= 1.3.3"
      }
    },
    "safer-buffer": {
      "version": "2.1.2",
      "resolved": "https://registry.npmjs.intuit.com:443/artifactory/api/npm/npm-intuit/safer-buffer/-/safer-buffer-2.1.2.tgz",
      "integrity": "sha1-RPoWGwGHuVSd2Eu5GAL5vYOFzWo="
    },
    "sax": {
      "version": "1.2.1",
      "resolved": "https://registry.npmjs.intuit.com:443/artifactory/api/npm/npm-intuit/sax/-/sax-1.2.1.tgz",
      "integrity": "sha1-e45lYZCyKOgaZq6nSEgNgozS03o="
    },
    "sntp": {
      "version": "1.0.9",
      "resolved": "https://registry.npmjs.intuit.com:443/artifactory/api/npm/npm-intuit/sntp/-/sntp-1.0.9.tgz",
      "integrity": "sha1-ZUEYTMkK7qbG57NeJlkIJEPGYZg=",
      "requires": {
        "hoek": "2.x.x"
      }
    },
    "sshpk": {
      "version": "1.14.2",
      "resolved": "https://registry.npmjs.intuit.com:443/artifactory/api/npm/npm-intuit/sshpk/-/sshpk-1.14.2.tgz",
      "integrity": "sha1-xvxhZIo9nE52T9P8306hBeSSupg=",
      "requires": {
        "asn1": "~0.2.3",
        "assert-plus": "^1.0.0",
        "bcrypt-pbkdf": "^1.0.0",
        "dashdash": "^1.12.0",
        "ecc-jsbn": "~0.1.1",
        "getpass": "^0.1.1",
        "jsbn": "~0.1.0",
        "safer-buffer": "^2.0.2",
        "tweetnacl": "~0.14.0"
      },
      "dependencies": {
        "assert-plus": {
          "version": "1.0.0",
          "resolved": "https://registry.npmjs.intuit.com:443/artifactory/api/npm/npm-intuit/assert-plus/-/assert-plus-1.0.0.tgz",
          "integrity": "sha1-8S4PPF13sLHN2RRpQuTpbB5N1SU="
        }
      }
    },
    "string_decoder": {
      "version": "0.10.31",
      "resolved": "https://registry.npmjs.intuit.com:443/artifactory/api/npm/npm-intuit/string_decoder/-/string_decoder-0.10.31.tgz",
      "integrity": "sha1-YuIDvEF2bGwoyfyEMB2rHFMQ+pQ="
    },
    "stringstream": {
      "version": "0.0.6",
      "resolved": "https://registry.npmjs.intuit.com:443/artifactory/api/npm/npm-intuit/stringstream/-/stringstream-0.0.6.tgz",
      "integrity": "sha1-eIAiWw1K0Q4wkn0Weh1vL9OzOnI="
    },
    "strip-ansi": {
      "version": "3.0.1",
      "resolved": "https://registry.npmjs.intuit.com:443/artifactory/api/npm/npm-intuit/strip-ansi/-/strip-ansi-3.0.1.tgz",
      "integrity": "sha1-ajhfuIU9lS1f8F0Oiq+UJ43GPc8=",
      "requires": {
        "ansi-regex": "^2.0.0"
      }
    },
    "supports-color": {
      "version": "2.0.0",
      "resolved": "https://registry.npmjs.intuit.com:443/artifactory/api/npm/npm-intuit/supports-color/-/supports-color-2.0.0.tgz",
      "integrity": "sha1-U10EXOa2Nj+kARcIRimZXp3zJMc="
    },
    "tough-cookie": {
      "version": "2.2.2",
      "resolved": "https://registry.npmjs.intuit.com:443/artifactory/api/npm/npm-intuit/tough-cookie/-/tough-cookie-2.2.2.tgz",
      "integrity": "sha1-yDoYMPTl7wuT7yo0iOck+N4Basc="
    },
    "tunnel-agent": {
      "version": "0.4.3",
      "resolved": "https://registry.npmjs.intuit.com:443/artifactory/api/npm/npm-intuit/tunnel-agent/-/tunnel-agent-0.4.3.tgz",
      "integrity": "sha1-Y3PbdpCf5XDgjXNYM2Xtgop07us="
    },
    "tweetnacl": {
      "version": "0.14.5",
      "resolved": "https://registry.npmjs.intuit.com:443/artifactory/api/npm/npm-intuit/tweetnacl/-/tweetnacl-0.14.5.tgz",
      "integrity": "sha1-WuaBd/GS1EViadEIr6k/+HQ/T2Q=",
      "optional": true
    },
    "underscore": {
      "version": "1.9.1",
      "resolved": "https://registry.npmjs.intuit.com:443/artifactory/api/npm/npm-intuit/underscore/-/underscore-1.9.1.tgz",
      "integrity": "sha1-BtzjSg5op7q8KbNluOdLiSUgOWE="
    },
    "url": {
      "version": "0.10.3",
      "resolved": "https://registry.npmjs.intuit.com:443/artifactory/api/npm/npm-intuit/url/-/url-0.10.3.tgz",
      "integrity": "sha1-Ah5NnHcF8hu/N9A861h2dAJ3TGQ=",
      "requires": {
        "punycode": "1.3.2",
        "querystring": "0.2.0"
      }
    },
    "util-deprecate": {
      "version": "1.0.2",
      "resolved": "https://registry.npmjs.intuit.com:443/artifactory/api/npm/npm-intuit/util-deprecate/-/util-deprecate-1.0.2.tgz",
      "integrity": "sha1-RQ1Nyfpw3nMnYvvS1KKJgUGaDM8="
    },
    "uuid": {
      "version": "3.1.0",
      "resolved": "https://registry.npmjs.intuit.com:443/artifactory/api/npm/npm-intuit/uuid/-/uuid-3.1.0.tgz",
      "integrity": "sha1-PdPT55Crwk17DToDT/q6vijrvAQ="
    },
    "verror": {
      "version": "1.10.0",
      "resolved": "https://registry.npmjs.intuit.com:443/artifactory/api/npm/npm-intuit/verror/-/verror-1.10.0.tgz",
      "integrity": "sha1-OhBcoXBTr1XW4nDB+CiGguGNpAA=",
      "requires": {
        "assert-plus": "^1.0.0",
        "core-util-is": "1.0.2",
        "extsprintf": "^1.2.0"
      },
      "dependencies": {
        "assert-plus": {
          "version": "1.0.0",
          "resolved": "https://registry.npmjs.intuit.com:443/artifactory/api/npm/npm-intuit/assert-plus/-/assert-plus-1.0.0.tgz",
          "integrity": "sha1-8S4PPF13sLHN2RRpQuTpbB5N1SU="
        }
      }
    },
    "xml2js": {
      "version": "0.4.19",
      "resolved": "https://registry.npmjs.intuit.com:443/artifactory/api/npm/npm-intuit/xml2js/-/xml2js-0.4.19.tgz",
      "integrity": "sha1-aGwg8hMgnpSr8NG88e+qKRx4J6c=",
      "requires": {
        "sax": ">=0.6.0",
        "xmlbuilder": "~9.0.1"
      }
    },
    "xmlbuilder": {
      "version": "9.0.7",
      "resolved": "https://registry.npmjs.intuit.com:443/artifactory/api/npm/npm-intuit/xmlbuilder/-/xmlbuilder-9.0.7.tgz",
      "integrity": "sha1-Ey7mPS7FVlxVfiD0wi35rKaGsQ0="
    },
    "xtend": {
      "version": "4.0.1",
      "resolved": "https://registry.npmjs.intuit.com:443/artifactory/api/npm/npm-intuit/xtend/-/xtend-4.0.1.tgz",
      "integrity": "sha1-pcbVMr5lbiPbgg77lDofBJmNY68="
    }
  }
}
